
Microsoft Visual Studio Solution File, Format Version 12.00
# Visual Studio Version 16
VisualStudioVersion = 16.0.29613.14
MinimumVisualStudioVersion = 10.0.40219.1
Project("{9A19103F-16F7-4668-BE54-9A1E7A4F7556}") = "DataLayer", "Naanep_FinalProject\DataLayer.csproj", "{A482EAD6-2369-422A-A7A6-E23E54C0325F}"
EndProject
Project("{FAE04EC0-301F-11D3-BF4B-00C04F79EFBC}") = "ServiceLayer", "ServiceLayer\ServiceLayer.csproj", "{5748A1FD-898F-46C0-8994-44D2BAFB1600}"
EndProject
Project("{9A19103F-16F7-4668-BE54-9A1E7A4F7556}") = "TEC_TestCase", "TEC_TestCase\TEC_TestCase.csproj", "{4F9F381D-382C-438D-94ED-105CAB0FA4AE}"
EndProject
Project("{FAE04EC0-301F-11D3-BF4B-00C04F79EFBC}") = "TEC_Interface", "TEC_Interface\TEC_Interface.csproj", "{313B982D-DF99-434B-8C61-34604B28076A}"
EndProject
Global
	GlobalSection(SolutionConfigurationPlatforms) = preSolution
		Debug|Any CPU = Debug|Any CPU
		Release|Any CPU = Release|Any CPU
	EndGlobalSection
	GlobalSection(ProjectConfigurationPlatforms) = postSolution
		{A482EAD6-2369-422A-A7A6-E23E54C0325F}.Debug|Any CPU.ActiveCfg = Debug|Any CPU
		{A482EAD6-2369-422A-A7A6-E23E54C0325F}.Debug|Any CPU.Build.0 = Debug|Any CPU
		{A482EAD6-2369-422A-A7A6-E23E54C0325F}.Release|Any CPU.ActiveCfg = Release|Any CPU
		{A482EAD6-2369-422A-A7A6-E23E54C0325F}.Release|Any CPU.Build.0 = Release|Any CPU
		{5748A1FD-898F-46C0-8994-44D2BAFB1600}.Debug|Any CPU.ActiveCfg = Debug|Any CPU
		{5748A1FD-898F-46C0-8994-44D2BAFB1600}.Debug|Any CPU.Build.0 = Debug|Any CPU
		{5748A1FD-898F-46C0-8994-44D2BAFB1600}.Release|Any CPU.ActiveCfg = Release|Any CPU
		{5748A1FD-898F-46C0-8994-44D2BAFB1600}.Release|Any CPU.Build.0 = Release|Any CPU
		{4F9F381D-382C-438D-94ED-105CAB0FA4AE}.Debug|Any CPU.ActiveCfg = Debug|Any CPU
		{4F9F381D-382C-438D-94ED-105CAB0FA4AE}.Debug|Any CPU.Build.0 = Debug|Any CPU
		{4F9F381D-382C-438D-94ED-105CAB0FA4AE}.Release|Any CPU.ActiveCfg = Release|Any CPU
		{4F9F381D-382C-438D-94ED-105CAB0FA4AE}.Release|Any CPU.Build.0 = Release|Any CPU
		{313B982D-DF99-434B-8C61-34604B28076A}.Debug|Any CPU.ActiveCfg = Debug|Any CPU
		{313B982D-DF99-434B-8C61-34604B28076A}.Debug|Any CPU.Build.0 = Debug|Any CPU
		{313B982D-DF99-434B-8C61-34604B28076A}.Release|Any CPU.ActiveCfg = Release|Any CPU
		{313B982D-DF99-434B-8C61-34604B28076A}.Release|Any CPU.Build.0 = Release|Any CPU
	EndGlobalSection
	GlobalSection(SolutionProperties) = preSolution
		HideSolutionNode = FALSE
	EndGlobalSection
	GlobalSection(ExtensibilityGlobals) = postSolution
		SolutionGuid = {7581AED0-36DF-4C77-9382-012DC4C248B7}
	EndGlobalSection
EndGlobal
